
Microsoft Visual Studio Solution File, Format Version 12.00
# Visual Studio Version 17
VisualStudioVersion = 17.7.34009.444
MinimumVisualStudioVersion = 10.0.40219.1
Project("{8BC9CEB8-8B4A-11D0-8D11-00A0C91BC942}") = "Program 3 COP2220", "Program 3 COP2220.vcxproj", "{073348C1-69D8-4F4B-98FF-3003C8D92A40}"
EndProject
Global
	GlobalSection(SolutionConfigurationPlatforms) = preSolution
		Debug|x64 = Debug|x64
		Debug|x86 = Debug|x86
		Release|x64 = Release|x64
		Release|x86 = Release|x86
	EndGlobalSection
	GlobalSection(ProjectConfigurationPlatforms) = postSolution
		{073348C1-69D8-4F4B-98FF-3003C8D92A40}.Debug|x64.ActiveCfg = Debug|x64
		{073348C1-69D8-4F4B-98FF-3003C8D92A40}.Debug|x64.Build.0 = Debug|x64
		{073348C1-69D8-4F4B-98FF-3003C8D92A40}.Debug|x86.ActiveCfg = Debug|Win32
		{073348C1-69D8-4F4B-98FF-3003C8D92A40}.Debug|x86.Build.0 = Debug|Win32
		{073348C1-69D8-4F4B-98FF-3003C8D92A40}.Release|x64.ActiveCfg = Release|x64
		{073348C1-69D8-4F4B-98FF-3003C8D92A40}.Release|x64.Build.0 = Release|x64
		{073348C1-69D8-4F4B-98FF-3003C8D92A40}.Release|x86.ActiveCfg = Release|Win32
		{073348C1-69D8-4F4B-98FF-3003C8D92A40}.Release|x86.Build.0 = Release|Win32
	EndGlobalSection
	GlobalSection(SolutionProperties) = preSolution
		HideSolutionNode = FALSE
	EndGlobalSection
	GlobalSection(ExtensibilityGlobals) = postSolution
		SolutionGuid = {29E7E807-D3B3-48B5-A431-B090ABE0723D}
	EndGlobalSection
EndGlobal
