
Microsoft Visual Studio Solution File, Format Version 12.00
# Visual Studio Version 17
VisualStudioVersion = 17.7.34009.444
MinimumVisualStudioVersion = 10.0.40219.1
Project("{8BC9CEB8-8B4A-11D0-8D11-00A0C91BC942}") = "Program 8 COP2220", "Program 8 COP2220.vcxproj", "{8519E201-5DC0-4519-9B9A-569000E15F83}"
EndProject
Global
	GlobalSection(SolutionConfigurationPlatforms) = preSolution
		Debug|x64 = Debug|x64
		Debug|x86 = Debug|x86
		Release|x64 = Release|x64
		Release|x86 = Release|x86
	EndGlobalSection
	GlobalSection(ProjectConfigurationPlatforms) = postSolution
		{8519E201-5DC0-4519-9B9A-569000E15F83}.Debug|x64.ActiveCfg = Debug|x64
		{8519E201-5DC0-4519-9B9A-569000E15F83}.Debug|x64.Build.0 = Debug|x64
		{8519E201-5DC0-4519-9B9A-569000E15F83}.Debug|x86.ActiveCfg = Debug|Win32
		{8519E201-5DC0-4519-9B9A-569000E15F83}.Debug|x86.Build.0 = Debug|Win32
		{8519E201-5DC0-4519-9B9A-569000E15F83}.Release|x64.ActiveCfg = Release|x64
		{8519E201-5DC0-4519-9B9A-569000E15F83}.Release|x64.Build.0 = Release|x64
		{8519E201-5DC0-4519-9B9A-569000E15F83}.Release|x86.ActiveCfg = Release|Win32
		{8519E201-5DC0-4519-9B9A-569000E15F83}.Release|x86.Build.0 = Release|Win32
	EndGlobalSection
	GlobalSection(SolutionProperties) = preSolution
		HideSolutionNode = FALSE
	EndGlobalSection
	GlobalSection(ExtensibilityGlobals) = postSolution
		SolutionGuid = {FCA22B4B-D5FB-4CA5-B321-0E25352BB7B8}
	EndGlobalSection
EndGlobal
